
Microsoft Visual Studio Solution File, Format Version 12.00
# Visual Studio Version 17
VisualStudioVersion = 17.2.32630.192
MinimumVisualStudioVersion = 10.0.40219.1
Project("{9A19103F-16F7-4668-BE54-9A1E7A4F7556}") = "msa-phase-3-backend.Testing", "msa-phase-3-backend.testing\msa-phase-3-backend.Testing.csproj", "{9CB255F9-6B65-4C09-BCA8-B549C95482F4}"
EndProject
Project("{9A19103F-16F7-4668-BE54-9A1E7A4F7556}") = "msa-phase-3-backend.Domain", "msa-phase-3-backend.Domain\msa-phase-3-backend.Domain.csproj", "{6DD0396C-DE0F-43BD-B309-6C959073A283}"
EndProject
Project("{9A19103F-16F7-4668-BE54-9A1E7A4F7556}") = "msa-phase-3-backend.API", "msa-phase-3-backend.API\msa-phase-3-backend.API.csproj", "{5F92824B-D81A-43B9-9849-5AA02184FE85}"
EndProject
Project("{9A19103F-16F7-4668-BE54-9A1E7A4F7556}") = "msa-phase-3-backend.Repository", "msa-phase-3-backend.Repository\msa-phase-3-backend.Repository.csproj", "{A62BD811-0704-4B2C-B160-DCEE3D35FC61}"
EndProject
Global
	GlobalSection(SolutionConfigurationPlatforms) = preSolution
		Debug|Any CPU = Debug|Any CPU
		Release|Any CPU = Release|Any CPU
	EndGlobalSection
	GlobalSection(ProjectConfigurationPlatforms) = postSolution
		{9CB255F9-6B65-4C09-BCA8-B549C95482F4}.Debug|Any CPU.ActiveCfg = Debug|Any CPU
		{9CB255F9-6B65-4C09-BCA8-B549C95482F4}.Debug|Any CPU.Build.0 = Debug|Any CPU
		{9CB255F9-6B65-4C09-BCA8-B549C95482F4}.Release|Any CPU.ActiveCfg = Release|Any CPU
		{9CB255F9-6B65-4C09-BCA8-B549C95482F4}.Release|Any CPU.Build.0 = Release|Any CPU
		{6DD0396C-DE0F-43BD-B309-6C959073A283}.Debug|Any CPU.ActiveCfg = Debug|Any CPU
		{6DD0396C-DE0F-43BD-B309-6C959073A283}.Debug|Any CPU.Build.0 = Debug|Any CPU
		{6DD0396C-DE0F-43BD-B309-6C959073A283}.Release|Any CPU.ActiveCfg = Release|Any CPU
		{6DD0396C-DE0F-43BD-B309-6C959073A283}.Release|Any CPU.Build.0 = Release|Any CPU
		{5F92824B-D81A-43B9-9849-5AA02184FE85}.Debug|Any CPU.ActiveCfg = Debug|Any CPU
		{5F92824B-D81A-43B9-9849-5AA02184FE85}.Debug|Any CPU.Build.0 = Debug|Any CPU
		{5F92824B-D81A-43B9-9849-5AA02184FE85}.Release|Any CPU.ActiveCfg = Release|Any CPU
		{5F92824B-D81A-43B9-9849-5AA02184FE85}.Release|Any CPU.Build.0 = Release|Any CPU
		{A62BD811-0704-4B2C-B160-DCEE3D35FC61}.Debug|Any CPU.ActiveCfg = Debug|Any CPU
		{A62BD811-0704-4B2C-B160-DCEE3D35FC61}.Debug|Any CPU.Build.0 = Debug|Any CPU
		{A62BD811-0704-4B2C-B160-DCEE3D35FC61}.Release|Any CPU.ActiveCfg = Release|Any CPU
		{A62BD811-0704-4B2C-B160-DCEE3D35FC61}.Release|Any CPU.Build.0 = Release|Any CPU
	EndGlobalSection
	GlobalSection(SolutionProperties) = preSolution
		HideSolutionNode = FALSE
	EndGlobalSection
	GlobalSection(ExtensibilityGlobals) = postSolution
		SolutionGuid = {6FA0440F-EA42-48A9-8C86-5C5873AAA644}
	EndGlobalSection
EndGlobal
